
Microsoft Visual Studio Solution File, Format Version 12.00
Project("{FAE04EC0-301F-11D3-BF4B-00C04F79EFBC}") = "Typicode.Api", "Typicode.Api\Typicode.Api.csproj", "{C3C9AB5D-A605-4456-A9F2-392CDDAB4BA7}"
EndProject
Project("{FAE04EC0-301F-11D3-BF4B-00C04F79EFBC}") = "Typicode.Api.Tests", "Typicode.Api.Tests\Typicode.Api.Tests.csproj", "{1B635400-C989-4A83-8A0E-BABA8F772A73}"
EndProject
Project("{FAE04EC0-301F-11D3-BF4B-00C04F79EFBC}") = "Typicode.Api.Tests.Integration", "Typicode.Api.Tests.Integration\Typicode.Api.Tests.Integration.csproj", "{2F335E07-DD5C-43DF-9667-B570B2C66DB9}"
EndProject
Global
	GlobalSection(SolutionConfigurationPlatforms) = preSolution
		Debug|Any CPU = Debug|Any CPU
		Release|Any CPU = Release|Any CPU
	EndGlobalSection
	GlobalSection(ProjectConfigurationPlatforms) = postSolution
		{C3C9AB5D-A605-4456-A9F2-392CDDAB4BA7}.Debug|Any CPU.ActiveCfg = Debug|Any CPU
		{C3C9AB5D-A605-4456-A9F2-392CDDAB4BA7}.Debug|Any CPU.Build.0 = Debug|Any CPU
		{C3C9AB5D-A605-4456-A9F2-392CDDAB4BA7}.Release|Any CPU.ActiveCfg = Release|Any CPU
		{C3C9AB5D-A605-4456-A9F2-392CDDAB4BA7}.Release|Any CPU.Build.0 = Release|Any CPU
		{1B635400-C989-4A83-8A0E-BABA8F772A73}.Debug|Any CPU.ActiveCfg = Debug|Any CPU
		{1B635400-C989-4A83-8A0E-BABA8F772A73}.Debug|Any CPU.Build.0 = Debug|Any CPU
		{1B635400-C989-4A83-8A0E-BABA8F772A73}.Release|Any CPU.ActiveCfg = Release|Any CPU
		{1B635400-C989-4A83-8A0E-BABA8F772A73}.Release|Any CPU.Build.0 = Release|Any CPU
		{2F335E07-DD5C-43DF-9667-B570B2C66DB9}.Debug|Any CPU.ActiveCfg = Debug|Any CPU
		{2F335E07-DD5C-43DF-9667-B570B2C66DB9}.Debug|Any CPU.Build.0 = Debug|Any CPU
		{2F335E07-DD5C-43DF-9667-B570B2C66DB9}.Release|Any CPU.ActiveCfg = Release|Any CPU
		{2F335E07-DD5C-43DF-9667-B570B2C66DB9}.Release|Any CPU.Build.0 = Release|Any CPU
	EndGlobalSection
EndGlobal
